
Microsoft Visual Studio Solution File, Format Version 12.00
# Visual Studio Version 16
VisualStudioVersion = 16.0.29326.143
MinimumVisualStudioVersion = 10.0.40219.1
Project("{9A19103F-16F7-4668-BE54-9A1E7A4F7556}") = "API", "API.csproj", "{DF9A5B2D-0853-4115-9545-203A0B6B2C0C}"
EndProject
Project("{FAE04EC0-301F-11D3-BF4B-00C04F79EFBC}") = "Business", "..\Business\Business.csproj", "{FC56736B-2FEC-476C-B63D-6C19076D5773}"
EndProject
Global
	GlobalSection(SolutionConfigurationPlatforms) = preSolution
		Debug|Any CPU = Debug|Any CPU
		Release|Any CPU = Release|Any CPU
	EndGlobalSection
	GlobalSection(ProjectConfigurationPlatforms) = postSolution
		{DF9A5B2D-0853-4115-9545-203A0B6B2C0C}.Debug|Any CPU.ActiveCfg = Debug|Any CPU
		{DF9A5B2D-0853-4115-9545-203A0B6B2C0C}.Debug|Any CPU.Build.0 = Debug|Any CPU
		{DF9A5B2D-0853-4115-9545-203A0B6B2C0C}.Release|Any CPU.ActiveCfg = Release|Any CPU
		{DF9A5B2D-0853-4115-9545-203A0B6B2C0C}.Release|Any CPU.Build.0 = Release|Any CPU
		{FC56736B-2FEC-476C-B63D-6C19076D5773}.Debug|Any CPU.ActiveCfg = Debug|Any CPU
		{FC56736B-2FEC-476C-B63D-6C19076D5773}.Debug|Any CPU.Build.0 = Debug|Any CPU
		{FC56736B-2FEC-476C-B63D-6C19076D5773}.Release|Any CPU.ActiveCfg = Release|Any CPU
		{FC56736B-2FEC-476C-B63D-6C19076D5773}.Release|Any CPU.Build.0 = Release|Any CPU
	EndGlobalSection
	GlobalSection(SolutionProperties) = preSolution
		HideSolutionNode = FALSE
	EndGlobalSection
	GlobalSection(ExtensibilityGlobals) = postSolution
		SolutionGuid = {D6C1856F-704B-40B5-812C-901EB4082075}
	EndGlobalSection
EndGlobal
